
Microsoft Visual Studio Solution File, Format Version 12.00
# Visual Studio Version 17
VisualStudioVersion = 17.0.31912.275
MinimumVisualStudioVersion = 10.0.40219.1
Project("{FAE04EC0-301F-11D3-BF4B-00C04F79EFBC}") = "Remove Method", "Remove Method\Remove Method.csproj", "{B6E786EF-B4E4-47C4-BB4E-178370C3048A}"
EndProject
Global
	GlobalSection(SolutionConfigurationPlatforms) = preSolution
		Debug|Any CPU = Debug|Any CPU
		Release|Any CPU = Release|Any CPU
	EndGlobalSection
	GlobalSection(ProjectConfigurationPlatforms) = postSolution
		{B6E786EF-B4E4-47C4-BB4E-178370C3048A}.Debug|Any CPU.ActiveCfg = Debug|Any CPU
		{B6E786EF-B4E4-47C4-BB4E-178370C3048A}.Debug|Any CPU.Build.0 = Debug|Any CPU
		{B6E786EF-B4E4-47C4-BB4E-178370C3048A}.Release|Any CPU.ActiveCfg = Release|Any CPU
		{B6E786EF-B4E4-47C4-BB4E-178370C3048A}.Release|Any CPU.Build.0 = Release|Any CPU
	EndGlobalSection
	GlobalSection(SolutionProperties) = preSolution
		HideSolutionNode = FALSE
	EndGlobalSection
	GlobalSection(ExtensibilityGlobals) = postSolution
		SolutionGuid = {B5C1A864-8C5F-478F-932A-6B6D21EFC3F9}
	EndGlobalSection
EndGlobal
